// !$*UTF8*$!
{
	archiveVersion = 1;
	classes = {
	};
	objectVersion = 46;
	objects = {

/* Begin PBXBuildFile section */
		1630DEBC1BFF2069002D7D38 /* TabBarViewController.swift in Sources */ = {isa = PBXBuildFile; fileRef = 1630DEBB1BFF2069002D7D38 /* TabBarViewController.swift */; };
		163399131BFFD0F9000D3319 /* ProfileTableViewController.swift in Sources */ = {isa = PBXBuildFile; fileRef = 163399121BFFD0F9000D3319 /* ProfileTableViewController.swift */; };
		169D61E71C0FC7FA00E0BDD4 /* SearchViewController.swift in Sources */ = {isa = PBXBuildFile; fileRef = 169D61E61C0FC7FA00E0BDD4 /* SearchViewController.swift */; };
		16A07ACC1BFECA0D00143BB2 /* Resources.swift in Sources */ = {isa = PBXBuildFile; fileRef = 16A07ACB1BFECA0D00143BB2 /* Resources.swift */; };
		16A07AD01BFECFD100143BB2 /* TalkViewController.swift in Sources */ = {isa = PBXBuildFile; fileRef = 16A07ACF1BFECFD100143BB2 /* TalkViewController.swift */; };
		AF0530EC1BF8143700735162 /* AppDelegate.swift in Sources */ = {isa = PBXBuildFile; fileRef = AF0530EB1BF8143700735162 /* AppDelegate.swift */; };
		AF0530EE1BF8143700735162 /* LoginViewController.swift in Sources */ = {isa = PBXBuildFile; fileRef = AF0530ED1BF8143700735162 /* LoginViewController.swift */; };
		AF0530F11BF8143700735162 /* Main.storyboard in Resources */ = {isa = PBXBuildFile; fileRef = AF0530EF1BF8143700735162 /* Main.storyboard */; };
		AF0530F31BF8143700735162 /* Assets.xcassets in Resources */ = {isa = PBXBuildFile; fileRef = AF0530F21BF8143700735162 /* Assets.xcassets */; };
		AF0530F61BF8143700735162 /* LaunchScreen.storyboard in Resources */ = {isa = PBXBuildFile; fileRef = AF0530F41BF8143700735162 /* LaunchScreen.storyboard */; };
		AF0531011BF8143700735162 /* MomentalTests.swift in Sources */ = {isa = PBXBuildFile; fileRef = AF0531001BF8143700735162 /* MomentalTests.swift */; };
		AF05310C1BF8143700735162 /* MomentalUITests.swift in Sources */ = {isa = PBXBuildFile; fileRef = AF05310B1BF8143700735162 /* MomentalUITests.swift */; };
		AF05311A1BF977FC00735162 /* MatchPageContentViewController.swift in Sources */ = {isa = PBXBuildFile; fileRef = AF0531191BF977FC00735162 /* MatchPageContentViewController.swift */; };
		AF05311C1BF9821E00735162 /* ImageViewController.swift in Sources */ = {isa = PBXBuildFile; fileRef = AF05311B1BF9821E00735162 /* ImageViewController.swift */; };
		AF11C1441C09631100B0F915 /* PersonTableViewCell.swift in Sources */ = {isa = PBXBuildFile; fileRef = AF11C1431C09631100B0F915 /* PersonTableViewCell.swift */; };
		AF11C1461C09735800B0F915 /* FavoritesViewController.swift in Sources */ = {isa = PBXBuildFile; fileRef = AF11C1451C09735800B0F915 /* FavoritesViewController.swift */; };
		AF11C1481C09A2AE00B0F915 /* MyStaffViewController.swift in Sources */ = {isa = PBXBuildFile; fileRef = AF11C1471C09A2AE00B0F915 /* MyStaffViewController.swift */; };
		AF11C14A1C09A4D700B0F915 /* MeViewController.swift in Sources */ = {isa = PBXBuildFile; fileRef = AF11C1491C09A4D700B0F915 /* MeViewController.swift */; };
		AF11C14C1C09A5CC00B0F915 /* ProfileListViewController.swift in Sources */ = {isa = PBXBuildFile; fileRef = AF11C14B1C09A5CC00B0F915 /* ProfileListViewController.swift */; };
		AF2D922A1BFE5E5C00ED84F4 /* Profile.swift in Sources */ = {isa = PBXBuildFile; fileRef = AF2D92291BFE5E5C00ED84F4 /* Profile.swift */; };
		AF2D922C1BFE725E00ED84F4 /* FakeData.swift in Sources */ = {isa = PBXBuildFile; fileRef = AF2D922B1BFE725E00ED84F4 /* FakeData.swift */; };
		AF2D922E1BFE8DDC00ED84F4 /* BioPopoverViewController.swift in Sources */ = {isa = PBXBuildFile; fileRef = AF2D922D1BFE8DDC00ED84F4 /* BioPopoverViewController.swift */; };
		AF7405931C0B122200281475 /* CalendarViewController.swift in Sources */ = {isa = PBXBuildFile; fileRef = AF7405921C0B122200281475 /* CalendarViewController.swift */; };
		AFE5E3FD1C0E3DE500FE165D /* AppointmentCollectionViewCell.swift in Sources */ = {isa = PBXBuildFile; fileRef = AFE5E3FC1C0E3DE500FE165D /* AppointmentCollectionViewCell.swift */; };
		AFE5E3FF1C0EE80100FE165D /* CalendarHeaderCollectionReusableView.swift in Sources */ = {isa = PBXBuildFile; fileRef = AFE5E3FE1C0EE80100FE165D /* CalendarHeaderCollectionReusableView.swift */; };
		AFE5E4011C0FA1CA00FE165D /* MeOptionButton.swift in Sources */ = {isa = PBXBuildFile; fileRef = AFE5E4001C0FA1CA00FE165D /* MeOptionButton.swift */; };
		AFF528211BFBC31E007CE1A0 /* ConfirmationPageViewController.swift in Sources */ = {isa = PBXBuildFile; fileRef = AFF528201BFBC31E007CE1A0 /* ConfirmationPageViewController.swift */; };
		AFF528231BFBC6CC007CE1A0 /* ProfileViewController.swift in Sources */ = {isa = PBXBuildFile; fileRef = AFF528221BFBC6CC007CE1A0 /* ProfileViewController.swift */; };
		AFFD83281BF984A100F7476E /* Colors.swift in Sources */ = {isa = PBXBuildFile; fileRef = AFFD83271BF984A100F7476E /* Colors.swift */; };
		AFFD832A1BF9885B00F7476E /* MatchViewController.swift in Sources */ = {isa = PBXBuildFile; fileRef = AFFD83291BF9885B00F7476E /* MatchViewController.swift */; };
/* End PBXBuildFile section */

/* Begin PBXContainerItemProxy section */
		AF0530FD1BF8143700735162 /* PBXContainerItemProxy */ = {
			isa = PBXContainerItemProxy;
			containerPortal = AF0530E01BF8143700735162 /* Project object */;
			proxyType = 1;
			remoteGlobalIDString = AF0530E71BF8143700735162;
			remoteInfo = Momental;
		};
		AF0531081BF8143700735162 /* PBXContainerItemProxy */ = {
			isa = PBXContainerItemProxy;
			containerPortal = AF0530E01BF8143700735162 /* Project object */;
			proxyType = 1;
			remoteGlobalIDString = AF0530E71BF8143700735162;
			remoteInfo = Momental;
		};
/* End PBXContainerItemProxy section */

/* Begin PBXFileReference section */
		1630DEBB1BFF2069002D7D38 /* TabBarViewController.swift */ = {isa = PBXFileReference; fileEncoding = 4; lastKnownFileType = sourcecode.swift; path = TabBarViewController.swift; sourceTree = "<group>"; };
		163399121BFFD0F9000D3319 /* ProfileTableViewController.swift */ = {isa = PBXFileReference; fileEncoding = 4; lastKnownFileType = sourcecode.swift; path = ProfileTableViewController.swift; sourceTree = "<group>"; };
		169D61E61C0FC7FA00E0BDD4 /* SearchViewController.swift */ = {isa = PBXFileReference; fileEncoding = 4; lastKnownFileType = sourcecode.swift; path = SearchViewController.swift; sourceTree = "<group>"; };
		16A07ACB1BFECA0D00143BB2 /* Resources.swift */ = {isa = PBXFileReference; fileEncoding = 4; lastKnownFileType = sourcecode.swift; path = Resources.swift; sourceTree = "<group>"; };
		16A07ACF1BFECFD100143BB2 /* TalkViewController.swift */ = {isa = PBXFileReference; fileEncoding = 4; lastKnownFileType = sourcecode.swift; name = TalkViewController.swift; path = ../TalkViewController.swift; sourceTree = "<group>"; };
		AF0530E81BF8143700735162 /* Momental.app */ = {isa = PBXFileReference; explicitFileType = wrapper.application; includeInIndex = 0; path = Momental.app; sourceTree = BUILT_PRODUCTS_DIR; };
		AF0530EB1BF8143700735162 /* AppDelegate.swift */ = {isa = PBXFileReference; lastKnownFileType = sourcecode.swift; path = AppDelegate.swift; sourceTree = "<group>"; };
		AF0530ED1BF8143700735162 /* LoginViewController.swift */ = {isa = PBXFileReference; lastKnownFileType = sourcecode.swift; path = LoginViewController.swift; sourceTree = "<group>"; };
		AF0530F01BF8143700735162 /* Base */ = {isa = PBXFileReference; lastKnownFileType = file.storyboard; name = Base; path = Base.lproj/Main.storyboard; sourceTree = "<group>"; };
		AF0530F21BF8143700735162 /* Assets.xcassets */ = {isa = PBXFileReference; lastKnownFileType = folder.assetcatalog; path = Assets.xcassets; sourceTree = "<group>"; };
		AF0530F51BF8143700735162 /* Base */ = {isa = PBXFileReference; lastKnownFileType = file.storyboard; name = Base; path = Base.lproj/LaunchScreen.storyboard; sourceTree = "<group>"; };
		AF0530F71BF8143700735162 /* Info.plist */ = {isa = PBXFileReference; lastKnownFileType = text.plist.xml; path = Info.plist; sourceTree = "<group>"; };
		AF0530FC1BF8143700735162 /* MomentalTests.xctest */ = {isa = PBXFileReference; explicitFileType = wrapper.cfbundle; includeInIndex = 0; path = MomentalTests.xctest; sourceTree = BUILT_PRODUCTS_DIR; };
		AF0531001BF8143700735162 /* MomentalTests.swift */ = {isa = PBXFileReference; lastKnownFileType = sourcecode.swift; path = MomentalTests.swift; sourceTree = "<group>"; };
		AF0531021BF8143700735162 /* Info.plist */ = {isa = PBXFileReference; lastKnownFileType = text.plist.xml; path = Info.plist; sourceTree = "<group>"; };
		AF0531071BF8143700735162 /* MomentalUITests.xctest */ = {isa = PBXFileReference; explicitFileType = wrapper.cfbundle; includeInIndex = 0; path = MomentalUITests.xctest; sourceTree = BUILT_PRODUCTS_DIR; };
		AF05310B1BF8143700735162 /* MomentalUITests.swift */ = {isa = PBXFileReference; lastKnownFileType = sourcecode.swift; path = MomentalUITests.swift; sourceTree = "<group>"; };
		AF05310D1BF8143700735162 /* Info.plist */ = {isa = PBXFileReference; lastKnownFileType = text.plist.xml; path = Info.plist; sourceTree = "<group>"; };
		AF0531191BF977FC00735162 /* MatchPageContentViewController.swift */ = {isa = PBXFileReference; fileEncoding = 4; lastKnownFileType = sourcecode.swift; path = MatchPageContentViewController.swift; sourceTree = "<group>"; };
		AF05311B1BF9821E00735162 /* ImageViewController.swift */ = {isa = PBXFileReference; fileEncoding = 4; lastKnownFileType = sourcecode.swift; path = ImageViewController.swift; sourceTree = "<group>"; };
		AF11C1431C09631100B0F915 /* PersonTableViewCell.swift */ = {isa = PBXFileReference; fileEncoding = 4; lastKnownFileType = sourcecode.swift; path = PersonTableViewCell.swift; sourceTree = "<group>"; };
		AF11C1451C09735800B0F915 /* FavoritesViewController.swift */ = {isa = PBXFileReference; fileEncoding = 4; lastKnownFileType = sourcecode.swift; path = FavoritesViewController.swift; sourceTree = "<group>"; };
		AF11C1471C09A2AE00B0F915 /* MyStaffViewController.swift */ = {isa = PBXFileReference; fileEncoding = 4; lastKnownFileType = sourcecode.swift; path = MyStaffViewController.swift; sourceTree = "<group>"; };
		AF11C1491C09A4D700B0F915 /* MeViewController.swift */ = {isa = PBXFileReference; fileEncoding = 4; lastKnownFileType = sourcecode.swift; path = MeViewController.swift; sourceTree = "<group>"; };
		AF11C14B1C09A5CC00B0F915 /* ProfileListViewController.swift */ = {isa = PBXFileReference; fileEncoding = 4; lastKnownFileType = sourcecode.swift; path = ProfileListViewController.swift; sourceTree = "<group>"; };
		AF2D92291BFE5E5C00ED84F4 /* Profile.swift */ = {isa = PBXFileReference; fileEncoding = 4; lastKnownFileType = sourcecode.swift; path = Profile.swift; sourceTree = "<group>"; };
		AF2D922B1BFE725E00ED84F4 /* FakeData.swift */ = {isa = PBXFileReference; fileEncoding = 4; lastKnownFileType = sourcecode.swift; path = FakeData.swift; sourceTree = "<group>"; };
		AF2D922D1BFE8DDC00ED84F4 /* BioPopoverViewController.swift */ = {isa = PBXFileReference; fileEncoding = 4; lastKnownFileType = sourcecode.swift; path = BioPopoverViewController.swift; sourceTree = "<group>"; };
		AF7405921C0B122200281475 /* CalendarViewController.swift */ = {isa = PBXFileReference; fileEncoding = 4; lastKnownFileType = sourcecode.swift; path = CalendarViewController.swift; sourceTree = "<group>"; };
		AFE5E3FC1C0E3DE500FE165D /* AppointmentCollectionViewCell.swift */ = {isa = PBXFileReference; fileEncoding = 4; lastKnownFileType = sourcecode.swift; path = AppointmentCollectionViewCell.swift; sourceTree = "<group>"; };
		AFE5E3FE1C0EE80100FE165D /* CalendarHeaderCollectionReusableView.swift */ = {isa = PBXFileReference; fileEncoding = 4; lastKnownFileType = sourcecode.swift; path = CalendarHeaderCollectionReusableView.swift; sourceTree = "<group>"; };
		AFE5E4001C0FA1CA00FE165D /* MeOptionButton.swift */ = {isa = PBXFileReference; fileEncoding = 4; lastKnownFileType = sourcecode.swift; path = MeOptionButton.swift; sourceTree = "<group>"; };
		AFF528201BFBC31E007CE1A0 /* ConfirmationPageViewController.swift */ = {isa = PBXFileReference; fileEncoding = 4; lastKnownFileType = sourcecode.swift; path = ConfirmationPageViewController.swift; sourceTree = "<group>"; };
		AFF528221BFBC6CC007CE1A0 /* ProfileViewController.swift */ = {isa = PBXFileReference; fileEncoding = 4; lastKnownFileType = sourcecode.swift; path = ProfileViewController.swift; sourceTree = "<group>"; };
		AFFD83271BF984A100F7476E /* Colors.swift */ = {isa = PBXFileReference; fileEncoding = 4; lastKnownFileType = sourcecode.swift; path = Colors.swift; sourceTree = "<group>"; };
		AFFD83291BF9885B00F7476E /* MatchViewController.swift */ = {isa = PBXFileReference; fileEncoding = 4; lastKnownFileType = sourcecode.swift; path = MatchViewController.swift; sourceTree = "<group>"; };
/* End PBXFileReference section */

/* Begin PBXFrameworksBuildPhase section */
		AF0530E51BF8143700735162 /* Frameworks */ = {
			isa = PBXFrameworksBuildPhase;
			buildActionMask = 2147483647;
			files = (
			);
			runOnlyForDeploymentPostprocessing = 0;
		};
		AF0530F91BF8143700735162 /* Frameworks */ = {
			isa = PBXFrameworksBuildPhase;
			buildActionMask = 2147483647;
			files = (
			);
			runOnlyForDeploymentPostprocessing = 0;
		};
		AF0531041BF8143700735162 /* Frameworks */ = {
			isa = PBXFrameworksBuildPhase;
			buildActionMask = 2147483647;
			files = (
			);
			runOnlyForDeploymentPostprocessing = 0;
		};
/* End PBXFrameworksBuildPhase section */

/* Begin PBXGroup section */
		AF0530DF1BF8143700735162 = {
			isa = PBXGroup;
			children = (
				AF0530EA1BF8143700735162 /* Momental */,
				AF0530FF1BF8143700735162 /* MomentalTests */,
				AF05310A1BF8143700735162 /* MomentalUITests */,
				AF0530E91BF8143700735162 /* Products */,
			);
			sourceTree = "<group>";
		};
		AF0530E91BF8143700735162 /* Products */ = {
			isa = PBXGroup;
			children = (
				AF0530E81BF8143700735162 /* Momental.app */,
				AF0530FC1BF8143700735162 /* MomentalTests.xctest */,
				AF0531071BF8143700735162 /* MomentalUITests.xctest */,
			);
			name = Products;
			sourceTree = "<group>";
		};
		AF0530EA1BF8143700735162 /* Momental */ = {
			isa = PBXGroup;
			children = (
				16A07ACF1BFECFD100143BB2 /* TalkViewController.swift */,
				AF0530EB1BF8143700735162 /* AppDelegate.swift */,
				16A07ACB1BFECA0D00143BB2 /* Resources.swift */,
				AF0530ED1BF8143700735162 /* LoginViewController.swift */,
				AF0530EF1BF8143700735162 /* Main.storyboard */,
				AFE5E4001C0FA1CA00FE165D /* MeOptionButton.swift */,
				AFE5E3FC1C0E3DE500FE165D /* AppointmentCollectionViewCell.swift */,
				AFE5E3FE1C0EE80100FE165D /* CalendarHeaderCollectionReusableView.swift */,
				163399121BFFD0F9000D3319 /* ProfileTableViewController.swift */,
				AF7405921C0B122200281475 /* CalendarViewController.swift */,
				AF11C1491C09A4D700B0F915 /* MeViewController.swift */,
				AF11C14B1C09A5CC00B0F915 /* ProfileListViewController.swift */,
				AF11C1471C09A2AE00B0F915 /* MyStaffViewController.swift */,
				1630DEBB1BFF2069002D7D38 /* TabBarViewController.swift */,
				AF2D922D1BFE8DDC00ED84F4 /* BioPopoverViewController.swift */,
				AF2D92291BFE5E5C00ED84F4 /* Profile.swift */,
				AF2D922B1BFE725E00ED84F4 /* FakeData.swift */,
				AFF528221BFBC6CC007CE1A0 /* ProfileViewController.swift */,
				AFF528201BFBC31E007CE1A0 /* ConfirmationPageViewController.swift */,
				AFFD83291BF9885B00F7476E /* MatchViewController.swift */,
				AF05311B1BF9821E00735162 /* ImageViewController.swift */,
				AFFD83271BF984A100F7476E /* Colors.swift */,
				AF0531191BF977FC00735162 /* MatchPageContentViewController.swift */,
				AF11C1451C09735800B0F915 /* FavoritesViewController.swift */,
				AF11C1431C09631100B0F915 /* PersonTableViewCell.swift */,
				AF0530F21BF8143700735162 /* Assets.xcassets */,
				AF0530F41BF8143700735162 /* LaunchScreen.storyboard */,
				AF0530F71BF8143700735162 /* Info.plist */,
			);
			path = Momental;
			sourceTree = "<group>";
		};
		AF0530FF1BF8143700735162 /* MomentalTests */ = {
			isa = PBXGroup;
			children = (
				AF0531001BF8143700735162 /* MomentalTests.swift */,
				AF0531021BF8143700735162 /* Info.plist */,
			);
			path = MomentalTests;
			sourceTree = "<group>";
		};
		AF05310A1BF8143700735162 /* MomentalUITests */ = {
			isa = PBXGroup;
			children = (
				AF05310B1BF8143700735162 /* MomentalUITests.swift */,
				AF05310D1BF8143700735162 /* Info.plist */,
			);
			path = MomentalUITests;
			sourceTree = "<group>";
		};
/* End PBXGroup section */

/* Begin PBXNativeTarget section */
		AF0530E71BF8143700735162 /* Momental */ = {
			isa = PBXNativeTarget;
			buildConfigurationList = AF0531101BF8143700735162 /* Build configuration list for PBXNativeTarget "Momental" */;
			buildPhases = (
				AF0530E41BF8143700735162 /* Sources */,
				AF0530E51BF8143700735162 /* Frameworks */,
				AF0530E61BF8143700735162 /* Resources */,
			);
			buildRules = (
			);
			dependencies = (
			);
			name = Momental;
			productName = Momental;
			productReference = AF0530E81BF8143700735162 /* Momental.app */;
			productType = "com.apple.product-type.application";
		};
		AF0530FB1BF8143700735162 /* MomentalTests */ = {
			isa = PBXNativeTarget;
			buildConfigurationList = AF0531131BF8143700735162 /* Build configuration list for PBXNativeTarget "MomentalTests" */;
			buildPhases = (
				AF0530F81BF8143700735162 /* Sources */,
				AF0530F91BF8143700735162 /* Frameworks */,
				AF0530FA1BF8143700735162 /* Resources */,
			);
			buildRules = (
			);
			dependencies = (
				AF0530FE1BF8143700735162 /* PBXTargetDependency */,
			);
			name = MomentalTests;
			productName = MomentalTests;
			productReference = AF0530FC1BF8143700735162 /* MomentalTests.xctest */;
			productType = "com.apple.product-type.bundle.unit-test";
		};
		AF0531061BF8143700735162 /* MomentalUITests */ = {
			isa = PBXNativeTarget;
			buildConfigurationList = AF0531161BF8143700735162 /* Build configuration list for PBXNativeTarget "MomentalUITests" */;
			buildPhases = (
				AF0531031BF8143700735162 /* Sources */,
				AF0531041BF8143700735162 /* Frameworks */,
				AF0531051BF8143700735162 /* Resources */,
			);
			buildRules = (
			);
			dependencies = (
				AF0531091BF8143700735162 /* PBXTargetDependency */,
			);
			name = MomentalUITests;
			productName = MomentalUITests;
			productReference = AF0531071BF8143700735162 /* MomentalUITests.xctest */;
			productType = "com.apple.product-type.bundle.ui-testing";
		};
/* End PBXNativeTarget section */

/* Begin PBXProject section */
		AF0530E01BF8143700735162 /* Project object */ = {
			isa = PBXProject;
			attributes = {
				LastSwiftUpdateCheck = 0710;
				LastUpgradeCheck = 0710;
				ORGANIZATIONNAME = "CS147 Mometal Team";
				TargetAttributes = {
					AF0530E71BF8143700735162 = {
						CreatedOnToolsVersion = 7.1;
						DevelopmentTeam = 3XAET6U86W;
					};
					AF0530FB1BF8143700735162 = {
						CreatedOnToolsVersion = 7.1;
						TestTargetID = AF0530E71BF8143700735162;
					};
					AF0531061BF8143700735162 = {
						CreatedOnToolsVersion = 7.1;
						TestTargetID = AF0530E71BF8143700735162;
					};
				};
			};
			buildConfigurationList = AF0530E31BF8143700735162 /* Build configuration list for PBXProject "Momental" */;
			compatibilityVersion = "Xcode 3.2";
			developmentRegion = English;
			hasScannedForEncodings = 0;
			knownRegions = (
				en,
				Base,
			);
			mainGroup = AF0530DF1BF8143700735162;
			productRefGroup = AF0530E91BF8143700735162 /* Products */;
			projectDirPath = "";
			projectRoot = "";
			targets = (
				AF0530E71BF8143700735162 /* Momental */,
				AF0530FB1BF8143700735162 /* MomentalTests */,
				AF0531061BF8143700735162 /* MomentalUITests */,
			);
		};
/* End PBXProject section */

/* Begin PBXResourcesBuildPhase section */
		AF0530E61BF8143700735162 /* Resources */ = {
			isa = PBXResourcesBuildPhase;
			buildActionMask = 2147483647;
			files = (
				AF0530F61BF8143700735162 /* LaunchScreen.storyboard in Resources */,
				AF0530F31BF8143700735162 /* Assets.xcassets in Resources */,
				AF0530F11BF8143700735162 /* Main.storyboard in Resources */,
			);
			runOnlyForDeploymentPostprocessing = 0;
		};
		AF0530FA1BF8143700735162 /* Resources */ = {
			isa = PBXResourcesBuildPhase;
			buildActionMask = 2147483647;
			files = (
			);
			runOnlyForDeploymentPostprocessing = 0;
		};
		AF0531051BF8143700735162 /* Resources */ = {
			isa = PBXResourcesBuildPhase;
			buildActionMask = 2147483647;
			files = (
			);
			runOnlyForDeploymentPostprocessing = 0;
		};
/* End PBXResourcesBuildPhase section */

/* Begin PBXSourcesBuildPhase section */
		AF0530E41BF8143700735162 /* Sources */ = {
			isa = PBXSourcesBuildPhase;
			buildActionMask = 2147483647;
			files = (
				AF7405931C0B122200281475 /* CalendarViewController.swift in Sources */,
				AF11C14A1C09A4D700B0F915 /* MeViewController.swift in Sources */,
				AFFD832A1BF9885B00F7476E /* MatchViewController.swift in Sources */,
				AF0530EE1BF8143700735162 /* LoginViewController.swift in Sources */,
				AFFD83281BF984A100F7476E /* Colors.swift in Sources */,
				AF11C1441C09631100B0F915 /* PersonTableViewCell.swift in Sources */,
				AFE5E4011C0FA1CA00FE165D /* MeOptionButton.swift in Sources */,
				AF05311C1BF9821E00735162 /* ImageViewController.swift in Sources */,
				1630DEBC1BFF2069002D7D38 /* TabBarViewController.swift in Sources */,
				AF2D922C1BFE725E00ED84F4 /* FakeData.swift in Sources */,
				163399131BFFD0F9000D3319 /* ProfileTableViewController.swift in Sources */,
				AFE5E3FF1C0EE80100FE165D /* CalendarHeaderCollectionReusableView.swift in Sources */,
				AFE5E3FD1C0E3DE500FE165D /* AppointmentCollectionViewCell.swift in Sources */,
				AF05311A1BF977FC00735162 /* MatchPageContentViewController.swift in Sources */,
				AF2D922E1BFE8DDC00ED84F4 /* BioPopoverViewController.swift in Sources */,
				169D61E71C0FC7FA00E0BDD4 /* SearchViewController.swift in Sources */,
				AF11C14C1C09A5CC00B0F915 /* ProfileListViewController.swift in Sources */,
				AF0530EC1BF8143700735162 /* AppDelegate.swift in Sources */,
				AF11C1461C09735800B0F915 /* FavoritesViewController.swift in Sources */,
				AFF528231BFBC6CC007CE1A0 /* ProfileViewController.swift in Sources */,
				16A07ACC1BFECA0D00143BB2 /* Resources.swift in Sources */,
				AF2D922A1BFE5E5C00ED84F4 /* Profile.swift in Sources */,
				AFF528211BFBC31E007CE1A0 /* ConfirmationPageViewController.swift in Sources */,
				16A07AD01BFECFD100143BB2 /* TalkViewController.swift in Sources */,
				AF11C1481C09A2AE00B0F915 /* MyStaffViewController.swift in Sources */,
			);
			runOnlyForDeploymentPostprocessing = 0;
		};
		AF0530F81BF8143700735162 /* Sources */ = {
			isa = PBXSourcesBuildPhase;
			buildActionMask = 2147483647;
			files = (
				AF0531011BF8143700735162 /* MomentalTests.swift in Sources */,
			);
			runOnlyForDeploymentPostprocessing = 0;
		};
		AF0531031BF8143700735162 /* Sources */ = {
			isa = PBXSourcesBuildPhase;
			buildActionMask = 2147483647;
			files = (
				AF05310C1BF8143700735162 /* MomentalUITests.swift in Sources */,
			);
			runOnlyForDeploymentPostprocessing = 0;
		};
/* End PBXSourcesBuildPhase section */

/* Begin PBXTargetDependency section */
		AF0530FE1BF8143700735162 /* PBXTargetDependency */ = {
			isa = PBXTargetDependency;
			target = AF0530E71BF8143700735162 /* Momental */;
			targetProxy = AF0530FD1BF8143700735162 /* PBXContainerItemProxy */;
		};
		AF0531091BF8143700735162 /* PBXTargetDependency */ = {
			isa = PBXTargetDependency;
			target = AF0530E71BF8143700735162 /* Momental */;
			targetProxy = AF0531081BF8143700735162 /* PBXContainerItemProxy */;
		};
/* End PBXTargetDependency section */

/* Begin PBXVariantGroup section */
		AF0530EF1BF8143700735162 /* Main.storyboard */ = {
			isa = PBXVariantGroup;
			children = (
				AF0530F01BF8143700735162 /* Base */,
			);
			name = Main.storyboard;
			sourceTree = "<group>";
		};
		AF0530F41BF8143700735162 /* LaunchScreen.storyboard */ = {
			isa = PBXVariantGroup;
			children = (
				AF0530F51BF8143700735162 /* Base */,
			);
			name = LaunchScreen.storyboard;
			sourceTree = "<group>";
		};
/* End PBXVariantGroup section */

/* Begin XCBuildConfiguration section */
		AF05310E1BF8143700735162 /* Debug */ = {
			isa = XCBuildConfiguration;
			buildSettings = {
				ALWAYS_SEARCH_USER_PATHS = NO;
				CLANG_CXX_LANGUAGE_STANDARD = "gnu++0x";
				CLANG_CXX_LIBRARY = "libc++";
				CLANG_ENABLE_MODULES = YES;
				CLANG_ENABLE_OBJC_ARC = YES;
				CLANG_WARN_BOOL_CONVERSION = YES;
				CLANG_WARN_CONSTANT_CONVERSION = YES;
				CLANG_WARN_DIRECT_OBJC_ISA_USAGE = YES_ERROR;
				CLANG_WARN_EMPTY_BODY = YES;
				CLANG_WARN_ENUM_CONVERSION = YES;
				CLANG_WARN_INT_CONVERSION = YES;
				CLANG_WARN_OBJC_ROOT_CLASS = YES_ERROR;
				CLANG_WARN_UNREACHABLE_CODE = YES;
				CLANG_WARN__DUPLICATE_METHOD_MATCH = YES;
				"CODE_SIGN_IDENTITY[sdk=iphoneos*]" = "iPhone Developer";
				COPY_PHASE_STRIP = NO;
				DEBUG_INFORMATION_FORMAT = dwarf;
				ENABLE_STRICT_OBJC_MSGSEND = YES;
				ENABLE_TESTABILITY = YES;
				GCC_C_LANGUAGE_STANDARD = gnu99;
				GCC_DYNAMIC_NO_PIC = NO;
				GCC_NO_COMMON_BLOCKS = YES;
				GCC_OPTIMIZATION_LEVEL = 0;
				GCC_PREPROCESSOR_DEFINITIONS = (
					"DEBUG=1",
					"$(inherited)",
				);
				GCC_WARN_64_TO_32_BIT_CONVERSION = YES;
				GCC_WARN_ABOUT_RETURN_TYPE = YES_ERROR;
				GCC_WARN_UNDECLARED_SELECTOR = YES;
				GCC_WARN_UNINITIALIZED_AUTOS = YES_AGGRESSIVE;
				GCC_WARN_UNUSED_FUNCTION = YES;
				GCC_WARN_UNUSED_VARIABLE = YES;
				IPHONEOS_DEPLOYMENT_TARGET = 9.1;
				MTL_ENABLE_DEBUG_INFO = YES;
				ONLY_ACTIVE_ARCH = YES;
				SDKROOT = iphoneos;
				SWIFT_OPTIMIZATION_LEVEL = "-Onone";
				TARGETED_DEVICE_FAMILY = "1,2";
			};
			name = Debug;
		};
		AF05310F1BF8143700735162 /* Release */ = {
			isa = XCBuildConfiguration;
			buildSettings = {
				ALWAYS_SEARCH_USER_PATHS = NO;
				CLANG_CXX_LANGUAGE_STANDARD = "gnu++0x";
				CLANG_CXX_LIBRARY = "libc++";
				CLANG_ENABLE_MODULES = YES;
				CLANG_ENABLE_OBJC_ARC = YES;
				CLANG_WARN_BOOL_CONVERSION = YES;
				CLANG_WARN_CONSTANT_CONVERSION = YES;
				CLANG_WARN_DIRECT_OBJC_ISA_USAGE = YES_ERROR;
				CLANG_WARN_EMPTY_BODY = YES;
				CLANG_WARN_ENUM_CONVERSION = YES;
				CLANG_WARN_INT_CONVERSION = YES;
				CLANG_WARN_OBJC_ROOT_CLASS = YES_ERROR;
				CLANG_WARN_UNREACHABLE_CODE = YES;
				CLANG_WARN__DUPLICATE_METHOD_MATCH = YES;
				"CODE_SIGN_IDENTITY[sdk=iphoneos*]" = "iPhone Developer";
				COPY_PHASE_STRIP = NO;
				DEBUG_INFORMATION_FORMAT = "dwarf-with-dsym";
				ENABLE_NS_ASSERTIONS = NO;
				ENABLE_STRICT_OBJC_MSGSEND = YES;
				GCC_C_LANGUAGE_STANDARD = gnu99;
				GCC_NO_COMMON_BLOCKS = YES;
				GCC_WARN_64_TO_32_BIT_CONVERSION = YES;
				GCC_WARN_ABOUT_RETURN_TYPE = YES_ERROR;
				GCC_WARN_UNDECLARED_SELECTOR = YES;
				GCC_WARN_UNINITIALIZED_AUTOS = YES_AGGRESSIVE;
				GCC_WARN_UNUSED_FUNCTION = YES;
				GCC_WARN_UNUSED_VARIABLE = YES;
				IPHONEOS_DEPLOYMENT_TARGET = 9.1;
				MTL_ENABLE_DEBUG_INFO = NO;
				SDKROOT = iphoneos;
				TARGETED_DEVICE_FAMILY = "1,2";
				VALIDATE_PRODUCT = YES;
			};
			name = Release;
		};
		AF0531111BF8143700735162 /* Debug */ = {
			isa = XCBuildConfiguration;
			buildSettings = {
				ASSETCATALOG_COMPILER_APPICON_NAME = AppIcon;
				CODE_SIGN_IDENTITY = "iPhone Developer";
				"CODE_SIGN_IDENTITY[sdk=iphoneos*]" = "iPhone Developer";
				INFOPLIST_FILE = Momental/Info.plist;
				LD_RUNPATH_SEARCH_PATHS = "$(inherited) @executable_path/Frameworks";
				PRODUCT_BUNDLE_IDENTIFIER = "edu.stanford.cs147.mental-health";
				PRODUCT_NAME = "$(TARGET_NAME)";
				PROVISIONING_PROFILE = "";
			};
			name = Debug;
		};
		AF0531121BF8143700735162 /* Release */ = {
			isa = XCBuildConfiguration;
			buildSettings = {
				ASSETCATALOG_COMPILER_APPICON_NAME = AppIcon;
				CODE_SIGN_IDENTITY = "iPhone Developer";
				"CODE_SIGN_IDENTITY[sdk=iphoneos*]" = "iPhone Developer";
				INFOPLIST_FILE = Momental/Info.plist;
				LD_RUNPATH_SEARCH_PATHS = "$(inherited) @executable_path/Frameworks";
				PRODUCT_BUNDLE_IDENTIFIER = "edu.stanford.cs147.mental-health";
				PRODUCT_NAME = "$(TARGET_NAME)";
				PROVISIONING_PROFILE = "";
			};
			name = Release;
		};
		AF0531141BF8143700735162 /* Debug */ = {
			isa = XCBuildConfiguration;
			buildSettings = {
				BUNDLE_LOADER = "$(TEST_HOST)";
				INFOPLIST_FILE = MomentalTests/Info.plist;
				LD_RUNPATH_SEARCH_PATHS = "$(inherited) @executable_path/Frameworks @loader_path/Frameworks";
				PRODUCT_BUNDLE_IDENTIFIER = edu.stanford.cs147.MomentalTests;
				PRODUCT_NAME = "$(TARGET_NAME)";
				TEST_HOST = "$(BUILT_PRODUCTS_DIR)/Momental.app/Momental";
			};
			name = Debug;
		};
		AF0531151BF8143700735162 /* Release */ = {
			isa = XCBuildConfiguration;
			buildSettings = {
				BUNDLE_LOADER = "$(TEST_HOST)";
				INFOPLIST_FILE = MomentalTests/Info.plist;
				LD_RUNPATH_SEARCH_PATHS = "$(inherited) @executable_path/Frameworks @loader_path/Frameworks";
				PRODUCT_BUNDLE_IDENTIFIER = edu.stanford.cs147.MomentalTests;
				PRODUCT_NAME = "$(TARGET_NAME)";
				TEST_HOST = "$(BUILT_PRODUCTS_DIR)/Momental.app/Momental";
			};
			name = Release;
		};
		AF0531171BF8143700735162 /* Debug */ = {
			isa = XCBuildConfiguration;
			buildSettings = {
				INFOPLIST_FILE = MomentalUITests/Info.plist;
				LD_RUNPATH_SEARCH_PATHS = "$(inherited) @executable_path/Frameworks @loader_path/Frameworks";
				PRODUCT_BUNDLE_IDENTIFIER = edu.stanford.cs147.MomentalUITests;
				PRODUCT_NAME = "$(TARGET_NAME)";
				TEST_TARGET_NAME = Momental;
				USES_XCTRUNNER = YES;
			};
			name = Debug;
		};
		AF0531181BF8143700735162 /* Release */ = {
			isa = XCBuildConfiguration;
			buildSettings = {
				INFOPLIST_FILE = MomentalUITests/Info.plist;
				LD_RUNPATH_SEARCH_PATHS = "$(inherited) @executable_path/Frameworks @loader_path/Frameworks";
				PRODUCT_BUNDLE_IDENTIFIER = edu.stanford.cs147.MomentalUITests;
				PRODUCT_NAME = "$(TARGET_NAME)";
				TEST_TARGET_NAME = Momental;
				USES_XCTRUNNER = YES;
			};
			name = Release;
		};
/* End XCBuildConfiguration section */

/* Begin XCConfigurationList section */
		AF0530E31BF8143700735162 /* Build configuration list for PBXProject "Momental" */ = {
			isa = XCConfigurationList;
			buildConfigurations = (
				AF05310E1BF8143700735162 /* Debug */,
				AF05310F1BF8143700735162 /* Release */,
			);
			defaultConfigurationIsVisible = 0;
			defaultConfigurationName = Release;
		};
		AF0531101BF8143700735162 /* Build configuration list for PBXNativeTarget "Momental" */ = {
			isa = XCConfigurationList;
			buildConfigurations = (
				AF0531111BF8143700735162 /* Debug */,
				AF0531121BF8143700735162 /* Release */,
			);
			defaultConfigurationIsVisible = 0;
			defaultConfigurationName = Release;
		};
		AF0531131BF8143700735162 /* Build configuration list for PBXNativeTarget "MomentalTests" */ = {
			isa = XCConfigurationList;
			buildConfigurations = (
				AF0531141BF8143700735162 /* Debug */,
				AF0531151BF8143700735162 /* Release */,
			);
			defaultConfigurationIsVisible = 0;
			defaultConfigurationName = Release;
		};
		AF0531161BF8143700735162 /* Build configuration list for PBXNativeTarget "MomentalUITests" */ = {
			isa = XCConfigurationList;
			buildConfigurations = (
				AF0531171BF8143700735162 /* Debug */,
				AF0531181BF8143700735162 /* Release */,
			);
			defaultConfigurationIsVisible = 0;
			defaultConfigurationName = Release;
		};
/* End XCConfigurationList section */
	};
	rootObject = AF0530E01BF8143700735162 /* Project object */;
}
